
Microsoft Visual Studio Solution File, Format Version 12.00
# Visual Studio Version 17
VisualStudioVersion = 17.9.34616.47
MinimumVisualStudioVersion = 10.0.40219.1
Project("{FAE04EC0-301F-11D3-BF4B-00C04F79EFBC}") = "WS-User", "WS-User\WS-User.csproj", "{465FD4DD-BB3C-49B9-A74E-7363BD5DAB36}"
EndProject
Global
	GlobalSection(SolutionConfigurationPlatforms) = preSolution
		Debug|Any CPU = Debug|Any CPU
		Release|Any CPU = Release|Any CPU
	EndGlobalSection
	GlobalSection(ProjectConfigurationPlatforms) = postSolution
		{465FD4DD-BB3C-49B9-A74E-7363BD5DAB36}.Debug|Any CPU.ActiveCfg = Debug|Any CPU
		{465FD4DD-BB3C-49B9-A74E-7363BD5DAB36}.Debug|Any CPU.Build.0 = Debug|Any CPU
		{465FD4DD-BB3C-49B9-A74E-7363BD5DAB36}.Release|Any CPU.ActiveCfg = Release|Any CPU
		{465FD4DD-BB3C-49B9-A74E-7363BD5DAB36}.Release|Any CPU.Build.0 = Release|Any CPU
	EndGlobalSection
	GlobalSection(SolutionProperties) = preSolution
		HideSolutionNode = FALSE
	EndGlobalSection
	GlobalSection(ExtensibilityGlobals) = postSolution
		SolutionGuid = {E731D389-5D28-4DCF-A051-9DDDCF19AAE2}
	EndGlobalSection
EndGlobal
